
Microsoft Visual Studio Solution File, Format Version 12.00
# Visual Studio 2012
Project("{FAE04EC0-301F-11D3-BF4B-00C04F79EFBC}") = "UnityVS.MuseTest.CSharp", "UnityVS.MuseTest.CSharp.csproj", "{44EA1B9E-8D53-B690-B0C1-54167A7B485D}"
EndProject
Project("{FAE04EC0-301F-11D3-BF4B-00C04F79EFBC}") = "UnityVS.MuseTest.CSharp.Editor", "UnityVS.MuseTest.CSharp.Editor.csproj", "{593A3426-3F8C-2EAD-5F5A-5CD74916AA51}"
EndProject
Global
	GlobalSection(SolutionConfigurationPlatforms) = preSolution
		Debug|Any CPU = Debug|Any CPU
		Release|Any CPU = Release|Any CPU
	EndGlobalSection
	GlobalSection(ProjectConfigurationPlatforms) = postSolution
		{44EA1B9E-8D53-B690-B0C1-54167A7B485D}.Debug|Any CPU.ActiveCfg = Debug|Any CPU
		{44EA1B9E-8D53-B690-B0C1-54167A7B485D}.Debug|Any CPU.Build.0 = Debug|Any CPU
		{44EA1B9E-8D53-B690-B0C1-54167A7B485D}.Release|Any CPU.ActiveCfg = Release|Any CPU
		{44EA1B9E-8D53-B690-B0C1-54167A7B485D}.Release|Any CPU.Build.0 = Release|Any CPU
		{593A3426-3F8C-2EAD-5F5A-5CD74916AA51}.Debug|Any CPU.ActiveCfg = Debug|Any CPU
		{593A3426-3F8C-2EAD-5F5A-5CD74916AA51}.Debug|Any CPU.Build.0 = Debug|Any CPU
		{593A3426-3F8C-2EAD-5F5A-5CD74916AA51}.Release|Any CPU.ActiveCfg = Release|Any CPU
		{593A3426-3F8C-2EAD-5F5A-5CD74916AA51}.Release|Any CPU.Build.0 = Release|Any CPU
	EndGlobalSection
	GlobalSection(SolutionProperties) = preSolution
		HideSolutionNode = FALSE
	EndGlobalSection
EndGlobal
